// !$*UTF8*$!
{
	archiveVersion = 1;
	classes = {
	};
	objectVersion = 46;
	objects = {

/* Begin PBXBuildFile section */
		B8A0F185144C0C910025710C /* UIKit.framework in Frameworks */ = {isa = PBXBuildFile; fileRef = B8A0F184144C0C910025710C /* UIKit.framework */; };
		B8A0F187144C0C910025710C /* Foundation.framework in Frameworks */ = {isa = PBXBuildFile; fileRef = B8A0F186144C0C910025710C /* Foundation.framework */; };
		B8A0F189144C0C910025710C /* CoreGraphics.framework in Frameworks */ = {isa = PBXBuildFile; fileRef = B8A0F188144C0C910025710C /* CoreGraphics.framework */; };
		B8A0F18F144C0C910025710C /* InfoPlist.strings in Resources */ = {isa = PBXBuildFile; fileRef = B8A0F18D144C0C910025710C /* InfoPlist.strings */; };
		B8A0F191144C0C910025710C /* main.m in Sources */ = {isa = PBXBuildFile; fileRef = B8A0F190144C0C910025710C /* main.m */; };
		B8A0F195144C0C910025710C /* AppDelegate.m in Sources */ = {isa = PBXBuildFile; fileRef = B8A0F194144C0C910025710C /* AppDelegate.m */; };
		B8A0F19E144C0CA90025710C /* sample_mpeg4.mp4 in Resources */ = {isa = PBXBuildFile; fileRef = B8A0F19B144C0CA90025710C /* sample_mpeg4.mp4 */; };
		B8A0F19F144C0CA90025710C /* sample_iPod.m4v in Resources */ = {isa = PBXBuildFile; fileRef = B8A0F19C144C0CA90025710C /* sample_iPod.m4v */; };
		B8A0F1A0144C0CA90025710C /* sample_iTunes.mov in Resources */ = {isa = PBXBuildFile; fileRef = B8A0F19D144C0CA90025710C /* sample_iTunes.mov */; };
/* End PBXBuildFile section */

/* Begin PBXFileReference section */
		B8A0F180144C0C910025710C /* StoreMediaFilesToPhotoAlbum.app */ = {isa = PBXFileReference; explicitFileType = wrapper.application; includeInIndex = 0; path = StoreMediaFilesToPhotoAlbum.app; sourceTree = BUILT_PRODUCTS_DIR; };
		B8A0F184144C0C910025710C /* UIKit.framework */ = {isa = PBXFileReference; lastKnownFileType = wrapper.framework; name = UIKit.framework; path = System/Library/Frameworks/UIKit.framework; sourceTree = SDKROOT; };
		B8A0F186144C0C910025710C /* Foundation.framework */ = {isa = PBXFileReference; lastKnownFileType = wrapper.framework; name = Foundation.framework; path = System/Library/Frameworks/Foundation.framework; sourceTree = SDKROOT; };
		B8A0F188144C0C910025710C /* CoreGraphics.framework */ = {isa = PBXFileReference; lastKnownFileType = wrapper.framework; name = CoreGraphics.framework; path = System/Library/Frameworks/CoreGraphics.framework; sourceTree = SDKROOT; };
		B8A0F18C144C0C910025710C /* StoreMediaFilesToPhotoAlbum-Info.plist */ = {isa = PBXFileReference; lastKnownFileType = text.plist.xml; path = "StoreMediaFilesToPhotoAlbum-Info.plist"; sourceTree = "<group>"; };
		B8A0F18E144C0C910025710C /* en */ = {isa = PBXFileReference; lastKnownFileType = text.plist.strings; name = en; path = en.lproj/InfoPlist.strings; sourceTree = "<group>"; };
		B8A0F190144C0C910025710C /* main.m */ = {isa = PBXFileReference; lastKnownFileType = sourcecode.c.objc; path = main.m; sourceTree = "<group>"; };
		B8A0F192144C0C910025710C /* StoreMediaFilesToPhotoAlbum-Prefix.pch */ = {isa = PBXFileReference; lastKnownFileType = sourcecode.c.h; path = "StoreMediaFilesToPhotoAlbum-Prefix.pch"; sourceTree = "<group>"; };
		B8A0F193144C0C910025710C /* AppDelegate.h */ = {isa = PBXFileReference; lastKnownFileType = sourcecode.c.h; path = AppDelegate.h; sourceTree = "<group>"; };
		B8A0F194144C0C910025710C /* AppDelegate.m */ = {isa = PBXFileReference; lastKnownFileType = sourcecode.c.objc; path = AppDelegate.m; sourceTree = "<group>"; };
		B8A0F19B144C0CA90025710C /* sample_mpeg4.mp4 */ = {isa = PBXFileReference; lastKnownFileType = file; path = sample_mpeg4.mp4; sourceTree = "<group>"; };
		B8A0F19C144C0CA90025710C /* sample_iPod.m4v */ = {isa = PBXFileReference; lastKnownFileType = file; path = sample_iPod.m4v; sourceTree = "<group>"; };
		B8A0F19D144C0CA90025710C /* sample_iTunes.mov */ = {isa = PBXFileReference; lastKnownFileType = video.quicktime; path = sample_iTunes.mov; sourceTree = "<group>"; };
/* End PBXFileReference section */

/* Begin PBXFrameworksBuildPhase section */
		B8A0F17D144C0C910025710C /* Frameworks */ = {
			isa = PBXFrameworksBuildPhase;
			buildActionMask = 2147483647;
			files = (
				B8A0F185144C0C910025710C /* UIKit.framework in Frameworks */,
				B8A0F187144C0C910025710C /* Foundation.framework in Frameworks */,
				B8A0F189144C0C910025710C /* CoreGraphics.framework in Frameworks */,
			);
			runOnlyForDeploymentPostprocessing = 0;
		};
/* End PBXFrameworksBuildPhase section */

/* Begin PBXGroup section */
		B8A0F175144C0C910025710C = {
			isa = PBXGroup;
			children = (
				B8A0F18A144C0C910025710C /* StoreMediaFilesToPhotoAlbum */,
				B8A0F183144C0C910025710C /* Frameworks */,
				B8A0F181144C0C910025710C /* Products */,
			);
			sourceTree = "<group>";
		};
		B8A0F181144C0C910025710C /* Products */ = {
			isa = PBXGroup;
			children = (
				B8A0F180144C0C910025710C /* StoreMediaFilesToPhotoAlbum.app */,
			);
			name = Products;
			sourceTree = "<group>";
		};
		B8A0F183144C0C910025710C /* Frameworks */ = {
			isa = PBXGroup;
			children = (
				B8A0F184144C0C910025710C /* UIKit.framework */,
				B8A0F186144C0C910025710C /* Foundation.framework */,
				B8A0F188144C0C910025710C /* CoreGraphics.framework */,
			);
			name = Frameworks;
			sourceTree = "<group>";
		};
		B8A0F18A144C0C910025710C /* StoreMediaFilesToPhotoAlbum */ = {
			isa = PBXGroup;
			children = (
				B8A0F19B144C0CA90025710C /* sample_mpeg4.mp4 */,
				B8A0F19C144C0CA90025710C /* sample_iPod.m4v */,
				B8A0F19D144C0CA90025710C /* sample_iTunes.mov */,
				B8A0F193144C0C910025710C /* AppDelegate.h */,
				B8A0F194144C0C910025710C /* AppDelegate.m */,
				B8A0F18B144C0C910025710C /* Supporting Files */,
			);
			path = StoreMediaFilesToPhotoAlbum;
			sourceTree = "<group>";
		};
		B8A0F18B144C0C910025710C /* Supporting Files */ = {
			isa = PBXGroup;
			children = (
				B8A0F18C144C0C910025710C /* StoreMediaFilesToPhotoAlbum-Info.plist */,
				B8A0F18D144C0C910025710C /* InfoPlist.strings */,
				B8A0F190144C0C910025710C /* main.m */,
				B8A0F192144C0C910025710C /* StoreMediaFilesToPhotoAlbum-Prefix.pch */,
			);
			name = "Supporting Files";
			sourceTree = "<group>";
		};
/* End PBXGroup section */

/* Begin PBXNativeTarget section */
		B8A0F17F144C0C910025710C /* StoreMediaFilesToPhotoAlbum */ = {
			isa = PBXNativeTarget;
			buildConfigurationList = B8A0F198144C0C910025710C /* Build configuration list for PBXNativeTarget "StoreMediaFilesToPhotoAlbum" */;
			buildPhases = (
				B8A0F17C144C0C910025710C /* Sources */,
				B8A0F17D144C0C910025710C /* Frameworks */,
				B8A0F17E144C0C910025710C /* Resources */,
			);
			buildRules = (
			);
			dependencies = (
			);
			name = StoreMediaFilesToPhotoAlbum;
			productName = StoreMediaFilesToPhotoAlbum;
			productReference = B8A0F180144C0C910025710C /* StoreMediaFilesToPhotoAlbum.app */;
			productType = "com.apple.product-type.application";
		};
/* End PBXNativeTarget section */

/* Begin PBXProject section */
		B8A0F177144C0C910025710C /* Project object */ = {
			isa = PBXProject;
			attributes = {
				LastUpgradeCheck = 0420;
			};
			buildConfigurationList = B8A0F17A144C0C910025710C /* Build configuration list for PBXProject "StoreMediaFilesToPhotoAlbum" */;
			compatibilityVersion = "Xcode 3.2";
			developmentRegion = English;
			hasScannedForEncodings = 0;
			knownRegions = (
				en,
			);
			mainGroup = B8A0F175144C0C910025710C;
			productRefGroup = B8A0F181144C0C910025710C /* Products */;
			projectDirPath = "";
			projectRoot = "";
			targets = (
				B8A0F17F144C0C910025710C /* StoreMediaFilesToPhotoAlbum */,
			);
		};
/* End PBXProject section */

/* Begin PBXResourcesBuildPhase section */
		B8A0F17E144C0C910025710C /* Resources */ = {
			isa = PBXResourcesBuildPhase;
			buildActionMask = 2147483647;
			files = (
				B8A0F18F144C0C910025710C /* InfoPlist.strings in Resources */,
				B8A0F19E144C0CA90025710C /* sample_mpeg4.mp4 in Resources */,
				B8A0F19F144C0CA90025710C /* sample_iPod.m4v in Resources */,
				B8A0F1A0144C0CA90025710C /* sample_iTunes.mov in Resources */,
			);
			runOnlyForDeploymentPostprocessing = 0;
		};
/* End PBXResourcesBuildPhase section */

/* Begin PBXSourcesBuildPhase section */
		B8A0F17C144C0C910025710C /* Sources */ = {
			isa = PBXSourcesBuildPhase;
			buildActionMask = 2147483647;
			files = (
				B8A0F191144C0C910025710C /* main.m in Sources */,
				B8A0F195144C0C910025710C /* AppDelegate.m in Sources */,
			);
			runOnlyForDeploymentPostprocessing = 0;
		};
/* End PBXSourcesBuildPhase section */

/* Begin PBXVariantGroup section */
		B8A0F18D144C0C910025710C /* InfoPlist.strings */ = {
			isa = PBXVariantGroup;
			children = (
				B8A0F18E144C0C910025710C /* en */,
			);
			name = InfoPlist.strings;
			sourceTree = "<group>";
		};
/* End PBXVariantGroup section */

/* Begin XCBuildConfiguration section */
		B8A0F196144C0C910025710C /* Debug */ = {
			isa = XCBuildConfiguration;
			buildSettings = {
				ALWAYS_SEARCH_USER_PATHS = NO;
				ARCHS = "$(ARCHS_STANDARD_32_BIT)";
				"CODE_SIGN_IDENTITY[sdk=iphoneos*]" = "iPhone Developer";
				COPY_PHASE_STRIP = NO;
				GCC_C_LANGUAGE_STANDARD = gnu99;
				GCC_DYNAMIC_NO_PIC = NO;
				GCC_OPTIMIZATION_LEVEL = 0;
				GCC_PREPROCESSOR_DEFINITIONS = (
					"DEBUG=1",
					"$(inherited)",
				);
				GCC_SYMBOLS_PRIVATE_EXTERN = NO;
				GCC_VERSION = com.apple.compilers.llvm.clang.1_0;
				GCC_WARN_ABOUT_MISSING_PROTOTYPES = YES;
				GCC_WARN_ABOUT_RETURN_TYPE = YES;
				GCC_WARN_UNUSED_VARIABLE = YES;
				IPHONEOS_DEPLOYMENT_TARGET = 5.0;
				SDKROOT = iphoneos;
			};
			name = Debug;
		};
		B8A0F197144C0C910025710C /* Release */ = {
			isa = XCBuildConfiguration;
			buildSettings = {
				ALWAYS_SEARCH_USER_PATHS = NO;
				ARCHS = "$(ARCHS_STANDARD_32_BIT)";
				"CODE_SIGN_IDENTITY[sdk=iphoneos*]" = "iPhone Developer";
				COPY_PHASE_STRIP = YES;
				GCC_C_LANGUAGE_STANDARD = gnu99;
				GCC_VERSION = com.apple.compilers.llvm.clang.1_0;
				GCC_WARN_ABOUT_MISSING_PROTOTYPES = YES;
				GCC_WARN_ABOUT_RETURN_TYPE = YES;
				GCC_WARN_UNUSED_VARIABLE = YES;
				IPHONEOS_DEPLOYMENT_TARGET = 5.0;
				OTHER_CFLAGS = "-DNS_BLOCK_ASSERTIONS=1";
				SDKROOT = iphoneos;
				VALIDATE_PRODUCT = YES;
			};
			name = Release;
		};
		B8A0F199144C0C910025710C /* Debug */ = {
			isa = XCBuildConfiguration;
			buildSettings = {
				GCC_PRECOMPILE_PREFIX_HEADER = YES;
				GCC_PREFIX_HEADER = "StoreMediaFilesToPhotoAlbum/StoreMediaFilesToPhotoAlbum-Prefix.pch";
				INFOPLIST_FILE = "StoreMediaFilesToPhotoAlbum/StoreMediaFilesToPhotoAlbum-Info.plist";
				IPHONEOS_DEPLOYMENT_TARGET = 4.0;
				PRODUCT_NAME = "$(TARGET_NAME)";
				WRAPPER_EXTENSION = app;
			};
			name = Debug;
		};
		B8A0F19A144C0C910025710C /* Release */ = {
			isa = XCBuildConfiguration;
			buildSettings = {
				GCC_PRECOMPILE_PREFIX_HEADER = YES;
				GCC_PREFIX_HEADER = "StoreMediaFilesToPhotoAlbum/StoreMediaFilesToPhotoAlbum-Prefix.pch";
				INFOPLIST_FILE = "StoreMediaFilesToPhotoAlbum/StoreMediaFilesToPhotoAlbum-Info.plist";
				IPHONEOS_DEPLOYMENT_TARGET = 4.0;
				PRODUCT_NAME = "$(TARGET_NAME)";
				WRAPPER_EXTENSION = app;
			};
			name = Release;
		};
/* End XCBuildConfiguration section */

/* Begin XCConfigurationList section */
		B8A0F17A144C0C910025710C /* Build configuration list for PBXProject "StoreMediaFilesToPhotoAlbum" */ = {
			isa = XCConfigurationList;
			buildConfigurations = (
				B8A0F196144C0C910025710C /* Debug */,
				B8A0F197144C0C910025710C /* Release */,
			);
			defaultConfigurationIsVisible = 0;
			defaultConfigurationName = Release;
		};
		B8A0F198144C0C910025710C /* Build configuration list for PBXNativeTarget "StoreMediaFilesToPhotoAlbum" */ = {
			isa = XCConfigurationList;
			buildConfigurations = (
				B8A0F199144C0C910025710C /* Debug */,
				B8A0F19A144C0C910025710C /* Release */,
			);
			defaultConfigurationIsVisible = 0;
		};
/* End XCConfigurationList section */
	};
	rootObject = B8A0F177144C0C910025710C /* Project object */;
}
