// !$*UTF8*$!
{
	archiveVersion = 1;
	classes = {
	};
	objectVersion = 46;
	objects = {

/* Begin PBXBuildFile section */
		B8D4F9E613DB7A4600C6D2F8 /* UIKit.framework in Frameworks */ = {isa = PBXBuildFile; fileRef = B8D4F9E513DB7A4600C6D2F8 /* UIKit.framework */; };
		B8D4F9E813DB7A4600C6D2F8 /* Foundation.framework in Frameworks */ = {isa = PBXBuildFile; fileRef = B8D4F9E713DB7A4600C6D2F8 /* Foundation.framework */; };
		B8D4F9EA13DB7A4600C6D2F8 /* CoreGraphics.framework in Frameworks */ = {isa = PBXBuildFile; fileRef = B8D4F9E913DB7A4600C6D2F8 /* CoreGraphics.framework */; };
		B8D4F9F013DB7A4600C6D2F8 /* InfoPlist.strings in Resources */ = {isa = PBXBuildFile; fileRef = B8D4F9EE13DB7A4600C6D2F8 /* InfoPlist.strings */; };
		B8D4F9F313DB7A4600C6D2F8 /* main.m in Sources */ = {isa = PBXBuildFile; fileRef = B8D4F9F213DB7A4600C6D2F8 /* main.m */; };
		B8D4F9F613DB7A4600C6D2F8 /* TopSongsAppDelegate.m in Sources */ = {isa = PBXBuildFile; fileRef = B8D4F9F513DB7A4600C6D2F8 /* TopSongsAppDelegate.m */; };
		B8D4F9F913DB7A4600C6D2F8 /* MainWindow.xib in Resources */ = {isa = PBXBuildFile; fileRef = B8D4F9F713DB7A4600C6D2F8 /* MainWindow.xib */; };
/* End PBXBuildFile section */

/* Begin PBXFileReference section */
		B8D4F9E113DB7A4600C6D2F8 /* TopSongs.app */ = {isa = PBXFileReference; explicitFileType = wrapper.application; includeInIndex = 0; path = TopSongs.app; sourceTree = BUILT_PRODUCTS_DIR; };
		B8D4F9E513DB7A4600C6D2F8 /* UIKit.framework */ = {isa = PBXFileReference; lastKnownFileType = wrapper.framework; name = UIKit.framework; path = System/Library/Frameworks/UIKit.framework; sourceTree = SDKROOT; };
		B8D4F9E713DB7A4600C6D2F8 /* Foundation.framework */ = {isa = PBXFileReference; lastKnownFileType = wrapper.framework; name = Foundation.framework; path = System/Library/Frameworks/Foundation.framework; sourceTree = SDKROOT; };
		B8D4F9E913DB7A4600C6D2F8 /* CoreGraphics.framework */ = {isa = PBXFileReference; lastKnownFileType = wrapper.framework; name = CoreGraphics.framework; path = System/Library/Frameworks/CoreGraphics.framework; sourceTree = SDKROOT; };
		B8D4F9ED13DB7A4600C6D2F8 /* TopSongs-Info.plist */ = {isa = PBXFileReference; path = "TopSongs-Info.plist"; sourceTree = "<group>"; };
		B8D4F9EF13DB7A4600C6D2F8 /* en */ = {isa = PBXFileReference; lastKnownFileType = text.plist.strings; name = en; path = en.lproj/InfoPlist.strings; sourceTree = "<group>"; };
		B8D4F9F113DB7A4600C6D2F8 /* TopSongs-Prefix.pch */ = {isa = PBXFileReference; path = "TopSongs-Prefix.pch"; sourceTree = "<group>"; };
		B8D4F9F213DB7A4600C6D2F8 /* main.m */ = {isa = PBXFileReference; lastKnownFileType = sourcecode.c.objc; path = main.m; sourceTree = "<group>"; };
		B8D4F9F413DB7A4600C6D2F8 /* TopSongsAppDelegate.h */ = {isa = PBXFileReference; path = TopSongsAppDelegate.h; sourceTree = "<group>"; };
		B8D4F9F513DB7A4600C6D2F8 /* TopSongsAppDelegate.m */ = {isa = PBXFileReference; lastKnownFileType = sourcecode.c.objc; path = TopSongsAppDelegate.m; sourceTree = "<group>"; };
		B8D4F9F813DB7A4600C6D2F8 /* en */ = {isa = PBXFileReference; lastKnownFileType = file.xib; name = en; path = en.lproj/MainWindow.xib; sourceTree = "<group>"; };
/* End PBXFileReference section */

/* Begin PBXFrameworksBuildPhase section */
		B8D4F9DE13DB7A4600C6D2F8 /* Frameworks */ = {
			isa = PBXFrameworksBuildPhase;
			buildActionMask = 2147483647;
			files = (
				B8D4F9E613DB7A4600C6D2F8 /* UIKit.framework in Frameworks */,
				B8D4F9E813DB7A4600C6D2F8 /* Foundation.framework in Frameworks */,
				B8D4F9EA13DB7A4600C6D2F8 /* CoreGraphics.framework in Frameworks */,
			);
			runOnlyForDeploymentPostprocessing = 0;
		};
/* End PBXFrameworksBuildPhase section */

/* Begin PBXGroup section */
		B8D4F9D613DB7A4600C6D2F8 = {
			isa = PBXGroup;
			children = (
				B8D4F9EB13DB7A4600C6D2F8 /* TopSongs */,
				B8D4F9E413DB7A4600C6D2F8 /* Frameworks */,
				B8D4F9E213DB7A4600C6D2F8 /* Products */,
			);
			sourceTree = "<group>";
		};
		B8D4F9E213DB7A4600C6D2F8 /* Products */ = {
			isa = PBXGroup;
			children = (
				B8D4F9E113DB7A4600C6D2F8 /* TopSongs.app */,
			);
			name = Products;
			sourceTree = "<group>";
		};
		B8D4F9E413DB7A4600C6D2F8 /* Frameworks */ = {
			isa = PBXGroup;
			children = (
				B8D4F9E513DB7A4600C6D2F8 /* UIKit.framework */,
				B8D4F9E713DB7A4600C6D2F8 /* Foundation.framework */,
				B8D4F9E913DB7A4600C6D2F8 /* CoreGraphics.framework */,
			);
			name = Frameworks;
			sourceTree = "<group>";
		};
		B8D4F9EB13DB7A4600C6D2F8 /* TopSongs */ = {
			isa = PBXGroup;
			children = (
				B8D4F9F413DB7A4600C6D2F8 /* TopSongsAppDelegate.h */,
				B8D4F9F513DB7A4600C6D2F8 /* TopSongsAppDelegate.m */,
				B8D4F9F713DB7A4600C6D2F8 /* MainWindow.xib */,
				B8D4F9EC13DB7A4600C6D2F8 /* Supporting Files */,
			);
			path = TopSongs;
			sourceTree = "<group>";
		};
		B8D4F9EC13DB7A4600C6D2F8 /* Supporting Files */ = {
			isa = PBXGroup;
			children = (
				B8D4F9ED13DB7A4600C6D2F8 /* TopSongs-Info.plist */,
				B8D4F9EE13DB7A4600C6D2F8 /* InfoPlist.strings */,
				B8D4F9F113DB7A4600C6D2F8 /* TopSongs-Prefix.pch */,
				B8D4F9F213DB7A4600C6D2F8 /* main.m */,
			);
			name = "Supporting Files";
			sourceTree = "<group>";
		};
/* End PBXGroup section */

/* Begin PBXNativeTarget section */
		B8D4F9E013DB7A4600C6D2F8 /* TopSongs */ = {
			isa = PBXNativeTarget;
			buildConfigurationList = B8D4F9FC13DB7A4600C6D2F8 /* Build configuration list for PBXNativeTarget "TopSongs" */;
			buildPhases = (
				B8D4F9DD13DB7A4600C6D2F8 /* Sources */,
				B8D4F9DE13DB7A4600C6D2F8 /* Frameworks */,
				B8D4F9DF13DB7A4600C6D2F8 /* Resources */,
			);
			buildRules = (
			);
			dependencies = (
			);
			name = TopSongs;
			productName = TopSongs;
			productReference = B8D4F9E113DB7A4600C6D2F8 /* TopSongs.app */;
			productType = "com.apple.product-type.application";
		};
/* End PBXNativeTarget section */

/* Begin PBXProject section */
		B8D4F9D813DB7A4600C6D2F8 /* Project object */ = {
			isa = PBXProject;
			buildConfigurationList = B8D4F9DB13DB7A4600C6D2F8 /* Build configuration list for PBXProject "TopSongs" */;
			compatibilityVersion = "Xcode 3.2";
			developmentRegion = English;
			hasScannedForEncodings = 0;
			knownRegions = (
				en,
			);
			mainGroup = B8D4F9D613DB7A4600C6D2F8;
			productRefGroup = B8D4F9E213DB7A4600C6D2F8 /* Products */;
			projectDirPath = "";
			projectRoot = "";
			targets = (
				B8D4F9E013DB7A4600C6D2F8 /* TopSongs */,
			);
		};
/* End PBXProject section */

/* Begin PBXResourcesBuildPhase section */
		B8D4F9DF13DB7A4600C6D2F8 /* Resources */ = {
			isa = PBXResourcesBuildPhase;
			buildActionMask = 2147483647;
			files = (
				B8D4F9F013DB7A4600C6D2F8 /* InfoPlist.strings in Resources */,
				B8D4F9F913DB7A4600C6D2F8 /* MainWindow.xib in Resources */,
			);
			runOnlyForDeploymentPostprocessing = 0;
		};
/* End PBXResourcesBuildPhase section */

/* Begin PBXSourcesBuildPhase section */
		B8D4F9DD13DB7A4600C6D2F8 /* Sources */ = {
			isa = PBXSourcesBuildPhase;
			buildActionMask = 2147483647;
			files = (
				B8D4F9F313DB7A4600C6D2F8 /* main.m in Sources */,
				B8D4F9F613DB7A4600C6D2F8 /* TopSongsAppDelegate.m in Sources */,
			);
			runOnlyForDeploymentPostprocessing = 0;
		};
/* End PBXSourcesBuildPhase section */

/* Begin PBXVariantGroup section */
		B8D4F9EE13DB7A4600C6D2F8 /* InfoPlist.strings */ = {
			isa = PBXVariantGroup;
			children = (
				B8D4F9EF13DB7A4600C6D2F8 /* en */,
			);
			name = InfoPlist.strings;
			sourceTree = "<group>";
		};
		B8D4F9F713DB7A4600C6D2F8 /* MainWindow.xib */ = {
			isa = PBXVariantGroup;
			children = (
				B8D4F9F813DB7A4600C6D2F8 /* en */,
			);
			name = MainWindow.xib;
			sourceTree = "<group>";
		};
/* End PBXVariantGroup section */

/* Begin XCBuildConfiguration section */
		B8D4F9FA13DB7A4600C6D2F8 /* Debug */ = {
			isa = XCBuildConfiguration;
			buildSettings = {
				ARCHS = "$(ARCHS_STANDARD_32_BIT)";
				"CODE_SIGN_IDENTITY[sdk=iphoneos*]" = "iPhone Developer";
				GCC_C_LANGUAGE_STANDARD = gnu99;
				GCC_OPTIMIZATION_LEVEL = 0;
				GCC_PREPROCESSOR_DEFINITIONS = DEBUG;
				GCC_SYMBOLS_PRIVATE_EXTERN = NO;
				GCC_VERSION = com.apple.compilers.llvmgcc42;
				GCC_WARN_ABOUT_RETURN_TYPE = YES;
				GCC_WARN_UNUSED_VARIABLE = YES;
				IPHONEOS_DEPLOYMENT_TARGET = 4.3;
				SDKROOT = iphoneos;
			};
			name = Debug;
		};
		B8D4F9FB13DB7A4600C6D2F8 /* Release */ = {
			isa = XCBuildConfiguration;
			buildSettings = {
				ARCHS = "$(ARCHS_STANDARD_32_BIT)";
				"CODE_SIGN_IDENTITY[sdk=iphoneos*]" = "iPhone Developer";
				GCC_C_LANGUAGE_STANDARD = gnu99;
				GCC_VERSION = com.apple.compilers.llvmgcc42;
				GCC_WARN_ABOUT_RETURN_TYPE = YES;
				GCC_WARN_UNUSED_VARIABLE = YES;
				IPHONEOS_DEPLOYMENT_TARGET = 4.3;
				OTHER_CFLAGS = "-DNS_BLOCK_ASSERTIONS=1";
				SDKROOT = iphoneos;
			};
			name = Release;
		};
		B8D4F9FD13DB7A4600C6D2F8 /* Debug */ = {
			isa = XCBuildConfiguration;
			buildSettings = {
				ALWAYS_SEARCH_USER_PATHS = NO;
				COPY_PHASE_STRIP = NO;
				GCC_DYNAMIC_NO_PIC = NO;
				GCC_PRECOMPILE_PREFIX_HEADER = YES;
				GCC_PREFIX_HEADER = "TopSongs/TopSongs-Prefix.pch";
				INFOPLIST_FILE = "TopSongs/TopSongs-Info.plist";
				PRODUCT_NAME = "$(TARGET_NAME)";
				WRAPPER_EXTENSION = app;
			};
			name = Debug;
		};
		B8D4F9FE13DB7A4600C6D2F8 /* Release */ = {
			isa = XCBuildConfiguration;
			buildSettings = {
				ALWAYS_SEARCH_USER_PATHS = NO;
				COPY_PHASE_STRIP = YES;
				GCC_PRECOMPILE_PREFIX_HEADER = YES;
				GCC_PREFIX_HEADER = "TopSongs/TopSongs-Prefix.pch";
				INFOPLIST_FILE = "TopSongs/TopSongs-Info.plist";
				PRODUCT_NAME = "$(TARGET_NAME)";
				VALIDATE_PRODUCT = YES;
				WRAPPER_EXTENSION = app;
			};
			name = Release;
		};
/* End XCBuildConfiguration section */

/* Begin XCConfigurationList section */
		B8D4F9DB13DB7A4600C6D2F8 /* Build configuration list for PBXProject "TopSongs" */ = {
			isa = XCConfigurationList;
			buildConfigurations = (
				B8D4F9FA13DB7A4600C6D2F8 /* Debug */,
				B8D4F9FB13DB7A4600C6D2F8 /* Release */,
			);
			defaultConfigurationIsVisible = 0;
			defaultConfigurationName = Release;
		};
		B8D4F9FC13DB7A4600C6D2F8 /* Build configuration list for PBXNativeTarget "TopSongs" */ = {
			isa = XCConfigurationList;
			buildConfigurations = (
				B8D4F9FD13DB7A4600C6D2F8 /* Debug */,
				B8D4F9FE13DB7A4600C6D2F8 /* Release */,
			);
			defaultConfigurationIsVisible = 0;
		};
/* End XCConfigurationList section */
	};
	rootObject = B8D4F9D813DB7A4600C6D2F8 /* Project object */;
}
