// !$*UTF8*$!
{
	archiveVersion = 1;
	classes = {
	};
	objectVersion = 46;
	objects = {

/* Begin PBXBuildFile section */
		B817D69E13DFEF3200375115 /* UIKit.framework in Frameworks */ = {isa = PBXBuildFile; fileRef = B817D69D13DFEF3200375115 /* UIKit.framework */; };
		B817D6A013DFEF3200375115 /* Foundation.framework in Frameworks */ = {isa = PBXBuildFile; fileRef = B817D69F13DFEF3200375115 /* Foundation.framework */; };
		B817D6A213DFEF3200375115 /* CoreGraphics.framework in Frameworks */ = {isa = PBXBuildFile; fileRef = B817D6A113DFEF3200375115 /* CoreGraphics.framework */; };
		B817D6A813DFEF3200375115 /* InfoPlist.strings in Resources */ = {isa = PBXBuildFile; fileRef = B817D6A613DFEF3200375115 /* InfoPlist.strings */; };
		B817D6AB13DFEF3200375115 /* main.m in Sources */ = {isa = PBXBuildFile; fileRef = B817D6AA13DFEF3200375115 /* main.m */; };
		B817D6AE13DFEF3200375115 /* autoRotateAppDelegate.m in Sources */ = {isa = PBXBuildFile; fileRef = B817D6AD13DFEF3200375115 /* autoRotateAppDelegate.m */; };
		B817D6B113DFEF3200375115 /* MainWindow.xib in Resources */ = {isa = PBXBuildFile; fileRef = B817D6AF13DFEF3200375115 /* MainWindow.xib */; };
		B817D6B413DFEF3200375115 /* autoRotateViewController.m in Sources */ = {isa = PBXBuildFile; fileRef = B817D6B313DFEF3200375115 /* autoRotateViewController.m */; };
		B817D6B713DFEF3200375115 /* autoRotateViewController.xib in Resources */ = {isa = PBXBuildFile; fileRef = B817D6B513DFEF3200375115 /* autoRotateViewController.xib */; };
/* End PBXBuildFile section */

/* Begin PBXFileReference section */
		B817D69913DFEF3200375115 /* autoRotate.app */ = {isa = PBXFileReference; explicitFileType = wrapper.application; includeInIndex = 0; path = autoRotate.app; sourceTree = BUILT_PRODUCTS_DIR; };
		B817D69D13DFEF3200375115 /* UIKit.framework */ = {isa = PBXFileReference; lastKnownFileType = wrapper.framework; name = UIKit.framework; path = System/Library/Frameworks/UIKit.framework; sourceTree = SDKROOT; };
		B817D69F13DFEF3200375115 /* Foundation.framework */ = {isa = PBXFileReference; lastKnownFileType = wrapper.framework; name = Foundation.framework; path = System/Library/Frameworks/Foundation.framework; sourceTree = SDKROOT; };
		B817D6A113DFEF3200375115 /* CoreGraphics.framework */ = {isa = PBXFileReference; lastKnownFileType = wrapper.framework; name = CoreGraphics.framework; path = System/Library/Frameworks/CoreGraphics.framework; sourceTree = SDKROOT; };
		B817D6A513DFEF3200375115 /* autoRotate-Info.plist */ = {isa = PBXFileReference; path = "autoRotate-Info.plist"; sourceTree = "<group>"; };
		B817D6A713DFEF3200375115 /* en */ = {isa = PBXFileReference; lastKnownFileType = text.plist.strings; name = en; path = en.lproj/InfoPlist.strings; sourceTree = "<group>"; };
		B817D6A913DFEF3200375115 /* autoRotate-Prefix.pch */ = {isa = PBXFileReference; path = "autoRotate-Prefix.pch"; sourceTree = "<group>"; };
		B817D6AA13DFEF3200375115 /* main.m */ = {isa = PBXFileReference; lastKnownFileType = sourcecode.c.objc; path = main.m; sourceTree = "<group>"; };
		B817D6AC13DFEF3200375115 /* autoRotateAppDelegate.h */ = {isa = PBXFileReference; path = autoRotateAppDelegate.h; sourceTree = "<group>"; };
		B817D6AD13DFEF3200375115 /* autoRotateAppDelegate.m */ = {isa = PBXFileReference; lastKnownFileType = sourcecode.c.objc; path = autoRotateAppDelegate.m; sourceTree = "<group>"; };
		B817D6B013DFEF3200375115 /* en */ = {isa = PBXFileReference; lastKnownFileType = file.xib; name = en; path = en.lproj/MainWindow.xib; sourceTree = "<group>"; };
		B817D6B213DFEF3200375115 /* autoRotateViewController.h */ = {isa = PBXFileReference; path = autoRotateViewController.h; sourceTree = "<group>"; };
		B817D6B313DFEF3200375115 /* autoRotateViewController.m */ = {isa = PBXFileReference; lastKnownFileType = sourcecode.c.objc; path = autoRotateViewController.m; sourceTree = "<group>"; };
		B817D6B613DFEF3200375115 /* en */ = {isa = PBXFileReference; lastKnownFileType = file.xib; name = en; path = en.lproj/autoRotateViewController.xib; sourceTree = "<group>"; };
/* End PBXFileReference section */

/* Begin PBXFrameworksBuildPhase section */
		B817D69613DFEF3200375115 /* Frameworks */ = {
			isa = PBXFrameworksBuildPhase;
			buildActionMask = 2147483647;
			files = (
				B817D69E13DFEF3200375115 /* UIKit.framework in Frameworks */,
				B817D6A013DFEF3200375115 /* Foundation.framework in Frameworks */,
				B817D6A213DFEF3200375115 /* CoreGraphics.framework in Frameworks */,
			);
			runOnlyForDeploymentPostprocessing = 0;
		};
/* End PBXFrameworksBuildPhase section */

/* Begin PBXGroup section */
		B817D68E13DFEF3200375115 = {
			isa = PBXGroup;
			children = (
				B817D6A313DFEF3200375115 /* autoRotate */,
				B817D69C13DFEF3200375115 /* Frameworks */,
				B817D69A13DFEF3200375115 /* Products */,
			);
			sourceTree = "<group>";
		};
		B817D69A13DFEF3200375115 /* Products */ = {
			isa = PBXGroup;
			children = (
				B817D69913DFEF3200375115 /* autoRotate.app */,
			);
			name = Products;
			sourceTree = "<group>";
		};
		B817D69C13DFEF3200375115 /* Frameworks */ = {
			isa = PBXGroup;
			children = (
				B817D69D13DFEF3200375115 /* UIKit.framework */,
				B817D69F13DFEF3200375115 /* Foundation.framework */,
				B817D6A113DFEF3200375115 /* CoreGraphics.framework */,
			);
			name = Frameworks;
			sourceTree = "<group>";
		};
		B817D6A313DFEF3200375115 /* autoRotate */ = {
			isa = PBXGroup;
			children = (
				B817D6AC13DFEF3200375115 /* autoRotateAppDelegate.h */,
				B817D6AD13DFEF3200375115 /* autoRotateAppDelegate.m */,
				B817D6AF13DFEF3200375115 /* MainWindow.xib */,
				B817D6B213DFEF3200375115 /* autoRotateViewController.h */,
				B817D6B313DFEF3200375115 /* autoRotateViewController.m */,
				B817D6B513DFEF3200375115 /* autoRotateViewController.xib */,
				B817D6A413DFEF3200375115 /* Supporting Files */,
			);
			path = autoRotate;
			sourceTree = "<group>";
		};
		B817D6A413DFEF3200375115 /* Supporting Files */ = {
			isa = PBXGroup;
			children = (
				B817D6A513DFEF3200375115 /* autoRotate-Info.plist */,
				B817D6A613DFEF3200375115 /* InfoPlist.strings */,
				B817D6A913DFEF3200375115 /* autoRotate-Prefix.pch */,
				B817D6AA13DFEF3200375115 /* main.m */,
			);
			name = "Supporting Files";
			sourceTree = "<group>";
		};
/* End PBXGroup section */

/* Begin PBXNativeTarget section */
		B817D69813DFEF3200375115 /* autoRotate */ = {
			isa = PBXNativeTarget;
			buildConfigurationList = B817D6BA13DFEF3200375115 /* Build configuration list for PBXNativeTarget "autoRotate" */;
			buildPhases = (
				B817D69513DFEF3200375115 /* Sources */,
				B817D69613DFEF3200375115 /* Frameworks */,
				B817D69713DFEF3200375115 /* Resources */,
			);
			buildRules = (
			);
			dependencies = (
			);
			name = autoRotate;
			productName = autoRotate;
			productReference = B817D69913DFEF3200375115 /* autoRotate.app */;
			productType = "com.apple.product-type.application";
		};
/* End PBXNativeTarget section */

/* Begin PBXProject section */
		B817D69013DFEF3200375115 /* Project object */ = {
			isa = PBXProject;
			buildConfigurationList = B817D69313DFEF3200375115 /* Build configuration list for PBXProject "autoRotate" */;
			compatibilityVersion = "Xcode 3.2";
			developmentRegion = English;
			hasScannedForEncodings = 0;
			knownRegions = (
				en,
			);
			mainGroup = B817D68E13DFEF3200375115;
			productRefGroup = B817D69A13DFEF3200375115 /* Products */;
			projectDirPath = "";
			projectRoot = "";
			targets = (
				B817D69813DFEF3200375115 /* autoRotate */,
			);
		};
/* End PBXProject section */

/* Begin PBXResourcesBuildPhase section */
		B817D69713DFEF3200375115 /* Resources */ = {
			isa = PBXResourcesBuildPhase;
			buildActionMask = 2147483647;
			files = (
				B817D6A813DFEF3200375115 /* InfoPlist.strings in Resources */,
				B817D6B113DFEF3200375115 /* MainWindow.xib in Resources */,
				B817D6B713DFEF3200375115 /* autoRotateViewController.xib in Resources */,
			);
			runOnlyForDeploymentPostprocessing = 0;
		};
/* End PBXResourcesBuildPhase section */

/* Begin PBXSourcesBuildPhase section */
		B817D69513DFEF3200375115 /* Sources */ = {
			isa = PBXSourcesBuildPhase;
			buildActionMask = 2147483647;
			files = (
				B817D6AB13DFEF3200375115 /* main.m in Sources */,
				B817D6AE13DFEF3200375115 /* autoRotateAppDelegate.m in Sources */,
				B817D6B413DFEF3200375115 /* autoRotateViewController.m in Sources */,
			);
			runOnlyForDeploymentPostprocessing = 0;
		};
/* End PBXSourcesBuildPhase section */

/* Begin PBXVariantGroup section */
		B817D6A613DFEF3200375115 /* InfoPlist.strings */ = {
			isa = PBXVariantGroup;
			children = (
				B817D6A713DFEF3200375115 /* en */,
			);
			name = InfoPlist.strings;
			sourceTree = "<group>";
		};
		B817D6AF13DFEF3200375115 /* MainWindow.xib */ = {
			isa = PBXVariantGroup;
			children = (
				B817D6B013DFEF3200375115 /* en */,
			);
			name = MainWindow.xib;
			sourceTree = "<group>";
		};
		B817D6B513DFEF3200375115 /* autoRotateViewController.xib */ = {
			isa = PBXVariantGroup;
			children = (
				B817D6B613DFEF3200375115 /* en */,
			);
			name = autoRotateViewController.xib;
			sourceTree = "<group>";
		};
/* End PBXVariantGroup section */

/* Begin XCBuildConfiguration section */
		B817D6B813DFEF3200375115 /* Debug */ = {
			isa = XCBuildConfiguration;
			buildSettings = {
				ARCHS = "$(ARCHS_STANDARD_32_BIT)";
				"CODE_SIGN_IDENTITY[sdk=iphoneos*]" = "iPhone Developer";
				GCC_C_LANGUAGE_STANDARD = gnu99;
				GCC_OPTIMIZATION_LEVEL = 0;
				GCC_PREPROCESSOR_DEFINITIONS = DEBUG;
				GCC_SYMBOLS_PRIVATE_EXTERN = NO;
				GCC_VERSION = com.apple.compilers.llvmgcc42;
				GCC_WARN_ABOUT_RETURN_TYPE = YES;
				GCC_WARN_UNUSED_VARIABLE = YES;
				IPHONEOS_DEPLOYMENT_TARGET = 4.3;
				SDKROOT = iphoneos;
			};
			name = Debug;
		};
		B817D6B913DFEF3200375115 /* Release */ = {
			isa = XCBuildConfiguration;
			buildSettings = {
				ARCHS = "$(ARCHS_STANDARD_32_BIT)";
				"CODE_SIGN_IDENTITY[sdk=iphoneos*]" = "iPhone Developer";
				GCC_C_LANGUAGE_STANDARD = gnu99;
				GCC_VERSION = com.apple.compilers.llvmgcc42;
				GCC_WARN_ABOUT_RETURN_TYPE = YES;
				GCC_WARN_UNUSED_VARIABLE = YES;
				IPHONEOS_DEPLOYMENT_TARGET = 4.3;
				OTHER_CFLAGS = "-DNS_BLOCK_ASSERTIONS=1";
				SDKROOT = iphoneos;
			};
			name = Release;
		};
		B817D6BB13DFEF3200375115 /* Debug */ = {
			isa = XCBuildConfiguration;
			buildSettings = {
				ALWAYS_SEARCH_USER_PATHS = NO;
				COPY_PHASE_STRIP = NO;
				GCC_DYNAMIC_NO_PIC = NO;
				GCC_PRECOMPILE_PREFIX_HEADER = YES;
				GCC_PREFIX_HEADER = "autoRotate/autoRotate-Prefix.pch";
				INFOPLIST_FILE = "autoRotate/autoRotate-Info.plist";
				PRODUCT_NAME = "$(TARGET_NAME)";
				WRAPPER_EXTENSION = app;
			};
			name = Debug;
		};
		B817D6BC13DFEF3200375115 /* Release */ = {
			isa = XCBuildConfiguration;
			buildSettings = {
				ALWAYS_SEARCH_USER_PATHS = NO;
				COPY_PHASE_STRIP = YES;
				GCC_PRECOMPILE_PREFIX_HEADER = YES;
				GCC_PREFIX_HEADER = "autoRotate/autoRotate-Prefix.pch";
				INFOPLIST_FILE = "autoRotate/autoRotate-Info.plist";
				PRODUCT_NAME = "$(TARGET_NAME)";
				VALIDATE_PRODUCT = YES;
				WRAPPER_EXTENSION = app;
			};
			name = Release;
		};
/* End XCBuildConfiguration section */

/* Begin XCConfigurationList section */
		B817D69313DFEF3200375115 /* Build configuration list for PBXProject "autoRotate" */ = {
			isa = XCConfigurationList;
			buildConfigurations = (
				B817D6B813DFEF3200375115 /* Debug */,
				B817D6B913DFEF3200375115 /* Release */,
			);
			defaultConfigurationIsVisible = 0;
			defaultConfigurationName = Release;
		};
		B817D6BA13DFEF3200375115 /* Build configuration list for PBXNativeTarget "autoRotate" */ = {
			isa = XCConfigurationList;
			buildConfigurations = (
				B817D6BB13DFEF3200375115 /* Debug */,
				B817D6BC13DFEF3200375115 /* Release */,
			);
			defaultConfigurationIsVisible = 0;
		};
/* End XCConfigurationList section */
	};
	rootObject = B817D69013DFEF3200375115 /* Project object */;
}
