// !$*UTF8*$!
{
	archiveVersion = 1;
	classes = {
	};
	objectVersion = 46;
	objects = {

/* Begin PBXBuildFile section */
		B8D36BB813D7CA1500DAEE76 /* UIKit.framework in Frameworks */ = {isa = PBXBuildFile; fileRef = B8D36BB713D7CA1500DAEE76 /* UIKit.framework */; };
		B8D36BBA13D7CA1500DAEE76 /* Foundation.framework in Frameworks */ = {isa = PBXBuildFile; fileRef = B8D36BB913D7CA1500DAEE76 /* Foundation.framework */; };
		B8D36BBC13D7CA1500DAEE76 /* CoreGraphics.framework in Frameworks */ = {isa = PBXBuildFile; fileRef = B8D36BBB13D7CA1500DAEE76 /* CoreGraphics.framework */; };
		B8D36BC213D7CA1500DAEE76 /* InfoPlist.strings in Resources */ = {isa = PBXBuildFile; fileRef = B8D36BC013D7CA1500DAEE76 /* InfoPlist.strings */; };
		B8D36BC513D7CA1500DAEE76 /* main.m in Sources */ = {isa = PBXBuildFile; fileRef = B8D36BC413D7CA1500DAEE76 /* main.m */; };
		B8D36BC813D7CA1500DAEE76 /* NaviTestAppDelegate.m in Sources */ = {isa = PBXBuildFile; fileRef = B8D36BC713D7CA1500DAEE76 /* NaviTestAppDelegate.m */; };
		B8D36BCB13D7CA1500DAEE76 /* MainWindow.xib in Resources */ = {isa = PBXBuildFile; fileRef = B8D36BC913D7CA1500DAEE76 /* MainWindow.xib */; };
		B8D36BCE13D7CA1500DAEE76 /* RootViewController.m in Sources */ = {isa = PBXBuildFile; fileRef = B8D36BCD13D7CA1500DAEE76 /* RootViewController.m */; };
		B8D36BD113D7CA1500DAEE76 /* RootViewController.xib in Resources */ = {isa = PBXBuildFile; fileRef = B8D36BCF13D7CA1500DAEE76 /* RootViewController.xib */; };
/* End PBXBuildFile section */

/* Begin PBXFileReference section */
		B8D36BB313D7CA1500DAEE76 /* NaviTest.app */ = {isa = PBXFileReference; explicitFileType = wrapper.application; includeInIndex = 0; path = NaviTest.app; sourceTree = BUILT_PRODUCTS_DIR; };
		B8D36BB713D7CA1500DAEE76 /* UIKit.framework */ = {isa = PBXFileReference; lastKnownFileType = wrapper.framework; name = UIKit.framework; path = System/Library/Frameworks/UIKit.framework; sourceTree = SDKROOT; };
		B8D36BB913D7CA1500DAEE76 /* Foundation.framework */ = {isa = PBXFileReference; lastKnownFileType = wrapper.framework; name = Foundation.framework; path = System/Library/Frameworks/Foundation.framework; sourceTree = SDKROOT; };
		B8D36BBB13D7CA1500DAEE76 /* CoreGraphics.framework */ = {isa = PBXFileReference; lastKnownFileType = wrapper.framework; name = CoreGraphics.framework; path = System/Library/Frameworks/CoreGraphics.framework; sourceTree = SDKROOT; };
		B8D36BBF13D7CA1500DAEE76 /* NaviTest-Info.plist */ = {isa = PBXFileReference; path = "NaviTest-Info.plist"; sourceTree = "<group>"; };
		B8D36BC113D7CA1500DAEE76 /* en */ = {isa = PBXFileReference; lastKnownFileType = text.plist.strings; name = en; path = en.lproj/InfoPlist.strings; sourceTree = "<group>"; };
		B8D36BC313D7CA1500DAEE76 /* NaviTest-Prefix.pch */ = {isa = PBXFileReference; path = "NaviTest-Prefix.pch"; sourceTree = "<group>"; };
		B8D36BC413D7CA1500DAEE76 /* main.m */ = {isa = PBXFileReference; lastKnownFileType = sourcecode.c.objc; path = main.m; sourceTree = "<group>"; };
		B8D36BC613D7CA1500DAEE76 /* NaviTestAppDelegate.h */ = {isa = PBXFileReference; path = NaviTestAppDelegate.h; sourceTree = "<group>"; };
		B8D36BC713D7CA1500DAEE76 /* NaviTestAppDelegate.m */ = {isa = PBXFileReference; lastKnownFileType = sourcecode.c.objc; path = NaviTestAppDelegate.m; sourceTree = "<group>"; };
		B8D36BCA13D7CA1500DAEE76 /* en */ = {isa = PBXFileReference; lastKnownFileType = file.xib; name = en; path = en.lproj/MainWindow.xib; sourceTree = "<group>"; };
		B8D36BCC13D7CA1500DAEE76 /* RootViewController.h */ = {isa = PBXFileReference; path = RootViewController.h; sourceTree = "<group>"; };
		B8D36BCD13D7CA1500DAEE76 /* RootViewController.m */ = {isa = PBXFileReference; lastKnownFileType = sourcecode.c.objc; path = RootViewController.m; sourceTree = "<group>"; };
		B8D36BD013D7CA1500DAEE76 /* en */ = {isa = PBXFileReference; lastKnownFileType = file.xib; name = en; path = en.lproj/RootViewController.xib; sourceTree = "<group>"; };
/* End PBXFileReference section */

/* Begin PBXFrameworksBuildPhase section */
		B8D36BB013D7CA1500DAEE76 /* Frameworks */ = {
			isa = PBXFrameworksBuildPhase;
			buildActionMask = 2147483647;
			files = (
				B8D36BB813D7CA1500DAEE76 /* UIKit.framework in Frameworks */,
				B8D36BBA13D7CA1500DAEE76 /* Foundation.framework in Frameworks */,
				B8D36BBC13D7CA1500DAEE76 /* CoreGraphics.framework in Frameworks */,
			);
			runOnlyForDeploymentPostprocessing = 0;
		};
/* End PBXFrameworksBuildPhase section */

/* Begin PBXGroup section */
		B8D36BA813D7CA1500DAEE76 = {
			isa = PBXGroup;
			children = (
				B8D36BBD13D7CA1500DAEE76 /* NaviTest */,
				B8D36BB613D7CA1500DAEE76 /* Frameworks */,
				B8D36BB413D7CA1500DAEE76 /* Products */,
			);
			sourceTree = "<group>";
		};
		B8D36BB413D7CA1500DAEE76 /* Products */ = {
			isa = PBXGroup;
			children = (
				B8D36BB313D7CA1500DAEE76 /* NaviTest.app */,
			);
			name = Products;
			sourceTree = "<group>";
		};
		B8D36BB613D7CA1500DAEE76 /* Frameworks */ = {
			isa = PBXGroup;
			children = (
				B8D36BB713D7CA1500DAEE76 /* UIKit.framework */,
				B8D36BB913D7CA1500DAEE76 /* Foundation.framework */,
				B8D36BBB13D7CA1500DAEE76 /* CoreGraphics.framework */,
			);
			name = Frameworks;
			sourceTree = "<group>";
		};
		B8D36BBD13D7CA1500DAEE76 /* NaviTest */ = {
			isa = PBXGroup;
			children = (
				B8D36BC613D7CA1500DAEE76 /* NaviTestAppDelegate.h */,
				B8D36BC713D7CA1500DAEE76 /* NaviTestAppDelegate.m */,
				B8D36BC913D7CA1500DAEE76 /* MainWindow.xib */,
				B8D36BCC13D7CA1500DAEE76 /* RootViewController.h */,
				B8D36BCD13D7CA1500DAEE76 /* RootViewController.m */,
				B8D36BCF13D7CA1500DAEE76 /* RootViewController.xib */,
				B8D36BBE13D7CA1500DAEE76 /* Supporting Files */,
			);
			path = NaviTest;
			sourceTree = "<group>";
		};
		B8D36BBE13D7CA1500DAEE76 /* Supporting Files */ = {
			isa = PBXGroup;
			children = (
				B8D36BBF13D7CA1500DAEE76 /* NaviTest-Info.plist */,
				B8D36BC013D7CA1500DAEE76 /* InfoPlist.strings */,
				B8D36BC313D7CA1500DAEE76 /* NaviTest-Prefix.pch */,
				B8D36BC413D7CA1500DAEE76 /* main.m */,
			);
			name = "Supporting Files";
			sourceTree = "<group>";
		};
/* End PBXGroup section */

/* Begin PBXNativeTarget section */
		B8D36BB213D7CA1500DAEE76 /* NaviTest */ = {
			isa = PBXNativeTarget;
			buildConfigurationList = B8D36BD413D7CA1600DAEE76 /* Build configuration list for PBXNativeTarget "NaviTest" */;
			buildPhases = (
				B8D36BAF13D7CA1500DAEE76 /* Sources */,
				B8D36BB013D7CA1500DAEE76 /* Frameworks */,
				B8D36BB113D7CA1500DAEE76 /* Resources */,
			);
			buildRules = (
			);
			dependencies = (
			);
			name = NaviTest;
			productName = NaviTest;
			productReference = B8D36BB313D7CA1500DAEE76 /* NaviTest.app */;
			productType = "com.apple.product-type.application";
		};
/* End PBXNativeTarget section */

/* Begin PBXProject section */
		B8D36BAA13D7CA1500DAEE76 /* Project object */ = {
			isa = PBXProject;
			buildConfigurationList = B8D36BAD13D7CA1500DAEE76 /* Build configuration list for PBXProject "NaviTest" */;
			compatibilityVersion = "Xcode 3.2";
			developmentRegion = English;
			hasScannedForEncodings = 0;
			knownRegions = (
				en,
			);
			mainGroup = B8D36BA813D7CA1500DAEE76;
			productRefGroup = B8D36BB413D7CA1500DAEE76 /* Products */;
			projectDirPath = "";
			projectRoot = "";
			targets = (
				B8D36BB213D7CA1500DAEE76 /* NaviTest */,
			);
		};
/* End PBXProject section */

/* Begin PBXResourcesBuildPhase section */
		B8D36BB113D7CA1500DAEE76 /* Resources */ = {
			isa = PBXResourcesBuildPhase;
			buildActionMask = 2147483647;
			files = (
				B8D36BC213D7CA1500DAEE76 /* InfoPlist.strings in Resources */,
				B8D36BCB13D7CA1500DAEE76 /* MainWindow.xib in Resources */,
				B8D36BD113D7CA1500DAEE76 /* RootViewController.xib in Resources */,
			);
			runOnlyForDeploymentPostprocessing = 0;
		};
/* End PBXResourcesBuildPhase section */

/* Begin PBXSourcesBuildPhase section */
		B8D36BAF13D7CA1500DAEE76 /* Sources */ = {
			isa = PBXSourcesBuildPhase;
			buildActionMask = 2147483647;
			files = (
				B8D36BC513D7CA1500DAEE76 /* main.m in Sources */,
				B8D36BC813D7CA1500DAEE76 /* NaviTestAppDelegate.m in Sources */,
				B8D36BCE13D7CA1500DAEE76 /* RootViewController.m in Sources */,
			);
			runOnlyForDeploymentPostprocessing = 0;
		};
/* End PBXSourcesBuildPhase section */

/* Begin PBXVariantGroup section */
		B8D36BC013D7CA1500DAEE76 /* InfoPlist.strings */ = {
			isa = PBXVariantGroup;
			children = (
				B8D36BC113D7CA1500DAEE76 /* en */,
			);
			name = InfoPlist.strings;
			sourceTree = "<group>";
		};
		B8D36BC913D7CA1500DAEE76 /* MainWindow.xib */ = {
			isa = PBXVariantGroup;
			children = (
				B8D36BCA13D7CA1500DAEE76 /* en */,
			);
			name = MainWindow.xib;
			sourceTree = "<group>";
		};
		B8D36BCF13D7CA1500DAEE76 /* RootViewController.xib */ = {
			isa = PBXVariantGroup;
			children = (
				B8D36BD013D7CA1500DAEE76 /* en */,
			);
			name = RootViewController.xib;
			sourceTree = "<group>";
		};
/* End PBXVariantGroup section */

/* Begin XCBuildConfiguration section */
		B8D36BD213D7CA1500DAEE76 /* Debug */ = {
			isa = XCBuildConfiguration;
			buildSettings = {
				ARCHS = "$(ARCHS_STANDARD_32_BIT)";
				"CODE_SIGN_IDENTITY[sdk=iphoneos*]" = "iPhone Developer";
				GCC_C_LANGUAGE_STANDARD = gnu99;
				GCC_OPTIMIZATION_LEVEL = 0;
				GCC_PREPROCESSOR_DEFINITIONS = DEBUG;
				GCC_SYMBOLS_PRIVATE_EXTERN = NO;
				GCC_VERSION = com.apple.compilers.llvmgcc42;
				GCC_WARN_ABOUT_RETURN_TYPE = YES;
				GCC_WARN_UNUSED_VARIABLE = YES;
				IPHONEOS_DEPLOYMENT_TARGET = 4.3;
				SDKROOT = iphoneos;
			};
			name = Debug;
		};
		B8D36BD313D7CA1500DAEE76 /* Release */ = {
			isa = XCBuildConfiguration;
			buildSettings = {
				ARCHS = "$(ARCHS_STANDARD_32_BIT)";
				"CODE_SIGN_IDENTITY[sdk=iphoneos*]" = "iPhone Developer";
				GCC_C_LANGUAGE_STANDARD = gnu99;
				GCC_VERSION = com.apple.compilers.llvmgcc42;
				GCC_WARN_ABOUT_RETURN_TYPE = YES;
				GCC_WARN_UNUSED_VARIABLE = YES;
				IPHONEOS_DEPLOYMENT_TARGET = 4.3;
				OTHER_CFLAGS = "-DNS_BLOCK_ASSERTIONS=1";
				SDKROOT = iphoneos;
			};
			name = Release;
		};
		B8D36BD513D7CA1600DAEE76 /* Debug */ = {
			isa = XCBuildConfiguration;
			buildSettings = {
				ALWAYS_SEARCH_USER_PATHS = NO;
				COPY_PHASE_STRIP = NO;
				GCC_DYNAMIC_NO_PIC = NO;
				GCC_PRECOMPILE_PREFIX_HEADER = YES;
				GCC_PREFIX_HEADER = "NaviTest/NaviTest-Prefix.pch";
				INFOPLIST_FILE = "NaviTest/NaviTest-Info.plist";
				PRODUCT_NAME = "$(TARGET_NAME)";
				WRAPPER_EXTENSION = app;
			};
			name = Debug;
		};
		B8D36BD613D7CA1600DAEE76 /* Release */ = {
			isa = XCBuildConfiguration;
			buildSettings = {
				ALWAYS_SEARCH_USER_PATHS = NO;
				COPY_PHASE_STRIP = YES;
				GCC_PRECOMPILE_PREFIX_HEADER = YES;
				GCC_PREFIX_HEADER = "NaviTest/NaviTest-Prefix.pch";
				INFOPLIST_FILE = "NaviTest/NaviTest-Info.plist";
				PRODUCT_NAME = "$(TARGET_NAME)";
				VALIDATE_PRODUCT = YES;
				WRAPPER_EXTENSION = app;
			};
			name = Release;
		};
/* End XCBuildConfiguration section */

/* Begin XCConfigurationList section */
		B8D36BAD13D7CA1500DAEE76 /* Build configuration list for PBXProject "NaviTest" */ = {
			isa = XCConfigurationList;
			buildConfigurations = (
				B8D36BD213D7CA1500DAEE76 /* Debug */,
				B8D36BD313D7CA1500DAEE76 /* Release */,
			);
			defaultConfigurationIsVisible = 0;
			defaultConfigurationName = Release;
		};
		B8D36BD413D7CA1600DAEE76 /* Build configuration list for PBXNativeTarget "NaviTest" */ = {
			isa = XCConfigurationList;
			buildConfigurations = (
				B8D36BD513D7CA1600DAEE76 /* Debug */,
				B8D36BD613D7CA1600DAEE76 /* Release */,
			);
			defaultConfigurationIsVisible = 0;
		};
/* End XCConfigurationList section */
	};
	rootObject = B8D36BAA13D7CA1500DAEE76 /* Project object */;
}
